<?xml version="1.0" encoding="utf-8"?>
<Project ToolsVersion="4.0" xmlns="http://schemas.microsoft.com/developer/msbuild/2003">
  <ItemGroup>
    <Filter Include="Assets">
      <UniqueIdentifier>{67DA6AB6-F800-4c08-8B7A-83BB121AAD01}</UniqueIdentifier>
      <Extensions>rc;ico;cur;bmp;dlg;rc2;rct;bin;rgs;gif;jpg;jpeg;jpe;resx;tiff;tif;png;wav;mfcribbon-ms</Extensions>
    </Filter>
    <Filter Include="Assets\Shaders">
      <UniqueIdentifier>{16476d40-9eb1-447a-a08f-a8997b232f54}</UniqueIdentifier>
    </Filter>
    <Filter Include="Assets\Textures">
      <UniqueIdentifier>{1a287a69-1664-40d6-a5bb-35ee99a8fe1f}</UniqueIdentifier>
    </Filter>
    <Filter Include="Sources">
      <UniqueIdentifier>{2aca1eda-cd18-4704-8526-7c083db897bf}</UniqueIdentifier>
    </Filter>
    <Filter Include="Sources\Graphics">
      <UniqueIdentifier>{83b304a1-0487-4ac1-a797-be2a5094e469}</UniqueIdentifier>
    </Filter>
    <Filter Include="Sources\Model">
      <UniqueIdentifier>{103af79b-975a-4360-a806-afface47646f}</UniqueIdentifier>
    </Filter>
    <Filter Include="Sources\LibraryExceptions">
      <UniqueIdentifier>{27ce10f0-4539-4762-8481-8285a6b631d6}</UniqueIdentifier>
    </Filter>
    <Filter Include="Sources\Startup">
      <UniqueIdentifier>{8b417cb7-c684-4037-ae5f-455f7307ffd2}</UniqueIdentifier>
    </Filter>
    <Filter Include="Sources\System">
      <UniqueIdentifier>{77cf3eb7-ea8d-4cc2-9eb5-bcd36f35af27}</UniqueIdentifier>
    </Filter>
    <Filter Include="Sources\View">
      <UniqueIdentifier>{d26ef3ea-52f5-4448-8ac3-001714d714e1}</UniqueIdentifier>
    </Filter>
    <Filter Include="Sources\Controler">
      <UniqueIdentifier>{adf09924-b150-4454-a6f9-1207bdcfac5f}</UniqueIdentifier>
    </Filter>
    <Filter Include="Sources\ModelGeneration">
      <UniqueIdentifier>{332c3fb3-055d-4b35-b9f7-d4d478d6a091}</UniqueIdentifier>
    </Filter>
    <Filter Include="Sources\ModelGeneration\WellGeneration">
      <UniqueIdentifier>{083ffd2d-e100-4e50-83ae-b65e04850201}</UniqueIdentifier>
    </Filter>
    <Filter Include="Sources\ModelGeneration\BasicGenerators">
      <UniqueIdentifier>{279e228f-c79c-4ce0-8efb-4b028f08dd71}</UniqueIdentifier>
    </Filter>
  </ItemGroup>
  <ItemGroup>
    <ClCompile Include="src\LibraryExceptions\SoilException.cpp">
      <Filter>Sources\LibraryExceptions</Filter>
    </ClCompile>
    <ClCompile Include="src\LibraryExceptions\ShaderException.cpp">
      <Filter>Sources\LibraryExceptions</Filter>
    </ClCompile>
    <ClCompile Include="src\System\Window.cpp">
      <Filter>Sources\System</Filter>
    </ClCompile>
    <ClCompile Include="src\Graphics\Image.cpp">
      <Filter>Sources\Graphics</Filter>
    </ClCompile>
    <ClCompile Include="src\Graphics\Shader.cpp">
      <Filter>Sources\Graphics</Filter>
    </ClCompile>
    <ClCompile Include="src\Graphics\MipmapTexture.cpp">
      <Filter>Sources\Graphics</Filter>
    </ClCompile>
    <ClCompile Include="src\Model\WellModel.cpp">
      <Filter>Sources\Model</Filter>
    </ClCompile>
    <ClCompile Include="src\Startup\Main.cpp">
      <Filter>Sources\Startup</Filter>
    </ClCompile>
    <ClCompile Include="src\Startup\MainWindow.cpp">
      <Filter>Sources\Startup</Filter>
    </ClCompile>
    <ClCompile Include="src\Startup\Scene.cpp">
      <Filter>Sources\Startup</Filter>
    </ClCompile>
    <ClCompile Include="src\Controler\Camera.cpp">
      <Filter>Sources\Controler</Filter>
    </ClCompile>
    <ClCompile Include="src\Model\EnvironmentModel.cpp">
      <Filter>Sources\Model</Filter>
    </ClCompile>
    <ClCompile Include="src\ModelGeneration\EnvironmentGlModelGenerator.cpp">
      <Filter>Sources\ModelGeneration</Filter>
    </ClCompile>
    <ClCompile Include="src\Model\GlModel.cpp">
      <Filter>Sources\Model</Filter>
    </ClCompile>
    <ClCompile Include="src\View\GlView.cpp">
      <Filter>Sources\View</Filter>
    </ClCompile>
    <ClCompile Include="src\Graphics\Vertex.cpp">
      <Filter>Sources\Graphics</Filter>
    </ClCompile>
    <ClCompile Include="src\ModelGeneration\BasicGenerators\CompoundModelGenerator.cpp">
      <Filter>Sources\ModelGeneration\BasicGenerators</Filter>
    </ClCompile>
    <ClCompile Include="src\ModelGeneration\BasicGenerators\CuboidGenerator.cpp">
      <Filter>Sources\ModelGeneration\BasicGenerators</Filter>
    </ClCompile>
    <ClCompile Include="src\ModelGeneration\BasicGenerators\CylinderGenerator.cpp">
      <Filter>Sources\ModelGeneration\BasicGenerators</Filter>
    </ClCompile>
    <ClCompile Include="src\ModelGeneration\BasicGenerators\HollowCylinderGenerator.cpp">
      <Filter>Sources\ModelGeneration\BasicGenerators</Filter>
    </ClCompile>
    <ClCompile Include="src\ModelGeneration\BasicGenerators\ModelGenerator.cpp">
      <Filter>Sources\ModelGeneration\BasicGenerators</Filter>
    </ClCompile>
    <ClCompile Include="src\ModelGeneration\BasicGenerators\SmoothShapeGenerator.cpp">
      <Filter>Sources\ModelGeneration\BasicGenerators</Filter>
    </ClCompile>
    <ClCompile Include="src\ModelGeneration\BasicGenerators\PrimitiveGenerator.cpp">
      <Filter>Sources\ModelGeneration\BasicGenerators</Filter>
    </ClCompile>
    <ClCompile Include="src\ModelGeneration\WellGeneration\WoodenStandGenerator.cpp">
      <Filter>Sources\ModelGeneration\WellGeneration</Filter>
    </ClCompile>
    <ClCompile Include="src\Startup\Well.cpp">
      <Filter>Sources\Startup</Filter>
    </ClCompile>
    <ClCompile Include="src\Startup\Environment.cpp">
      <Filter>Sources\Startup</Filter>
    </ClCompile>
    <ClCompile Include="src\ModelGeneration\WellGeneration\WellBaseGenerator.cpp">
      <Filter>Sources\ModelGeneration\WellGeneration</Filter>
    </ClCompile>
    <ClCompile Include="src\ModelGeneration\BasicGenerators\ClosedCylinderGenerator.cpp">
      <Filter>Sources\ModelGeneration\BasicGenerators</Filter>
    </ClCompile>
    <ClCompile Include="src\ModelGeneration\WellGeneration\SpinningWheelGenerator.cpp">
      <Filter>Sources\ModelGeneration\WellGeneration</Filter>
    </ClCompile>
    <ClCompile Include="src\Model\WheelModel.cpp">
      <Filter>Sources\Model</Filter>
    </ClCompile>
    <ClCompile Include="src\Graphics\Texture.cpp">
      <Filter>Sources\Graphics</Filter>
    </ClCompile>
    <ClCompile Include="src\ModelGeneration\WellGeneration\WellRoofGenerator.cpp">
      <Filter>Sources\ModelGeneration\WellGeneration</Filter>
    </ClCompile>
    <ClCompile Include="src\Controler\ActionListener.cpp">
      <Filter>Sources\Controler</Filter>
    </ClCompile>
    <ClCompile Include="src\Controler\KeyboardListener.cpp">
      <Filter>Sources\Controler</Filter>
    </ClCompile>
    <ClCompile Include="src\Controler\MouseListener.cpp">
      <Filter>Sources\Controler</Filter>
    </ClCompile>
    <ClCompile Include="src\Controler\WheelControler.cpp">
      <Filter>Sources\Controler</Filter>
    </ClCompile>
    <ClCompile Include="src\System\Stopwatch.cpp">
      <Filter>Sources\System</Filter>
    </ClCompile>
  </ItemGroup>
  <ItemGroup>
    <ClInclude Include="src\System\Window.h">
      <Filter>Sources\System</Filter>
    </ClInclude>
    <ClInclude Include="src\Startup\MainWindow.h">
      <Filter>Sources\Startup</Filter>
    </ClInclude>
    <ClInclude Include="src\Model\WellModel.h">
      <Filter>Sources\Model</Filter>
    </ClInclude>
    <ClInclude Include="src\LibraryExceptions\LibraryException.h">
      <Filter>Sources\LibraryExceptions</Filter>
    </ClInclude>
    <ClInclude Include="src\LibraryExceptions\ShaderException.h">
      <Filter>Sources\LibraryExceptions</Filter>
    </ClInclude>
    <ClInclude Include="src\LibraryExceptions\SoilException.h">
      <Filter>Sources\LibraryExceptions</Filter>
    </ClInclude>
    <ClInclude Include="src\Graphics\Image.h">
      <Filter>Sources\Graphics</Filter>
    </ClInclude>
    <ClInclude Include="src\Graphics\MipmapTexture.h">
      <Filter>Sources\Graphics</Filter>
    </ClInclude>
    <ClInclude Include="src\Graphics\Shader.h">
      <Filter>Sources\Graphics</Filter>
    </ClInclude>
    <ClInclude Include="src\Startup\Scene.h">
      <Filter>Sources\Startup</Filter>
    </ClInclude>
    <ClInclude Include="src\Controler\Camera.h">
      <Filter>Sources\Controler</Filter>
    </ClInclude>
    <ClInclude Include="src\Model\EnvironmentModel.h">
      <Filter>Sources\Model</Filter>
    </ClInclude>
    <ClInclude Include="src\ModelGeneration\EnvironmentGlModelGenerator.h">
      <Filter>Sources\ModelGeneration</Filter>
    </ClInclude>
    <ClInclude Include="src\View\GlView.h">
      <Filter>Sources\View</Filter>
    </ClInclude>
    <ClInclude Include="src\Model\GlModel.h">
      <Filter>Sources\Model</Filter>
    </ClInclude>
    <ClInclude Include="src\Graphics\Vertex.h">
      <Filter>Sources\Graphics</Filter>
    </ClInclude>
    <ClInclude Include="src\ModelGeneration\WellGeneration\WellRoofGenerator.h">
      <Filter>Sources\ModelGeneration\WellGeneration</Filter>
    </ClInclude>
    <ClInclude Include="src\ModelGeneration\BasicGenerators\CompoundModelGenerator.h">
      <Filter>Sources\ModelGeneration\BasicGenerators</Filter>
    </ClInclude>
    <ClInclude Include="src\ModelGeneration\BasicGenerators\CuboidGenerator.h">
      <Filter>Sources\ModelGeneration\BasicGenerators</Filter>
    </ClInclude>
    <ClInclude Include="src\ModelGeneration\BasicGenerators\CylinderGenerator.h">
      <Filter>Sources\ModelGeneration\BasicGenerators</Filter>
    </ClInclude>
    <ClInclude Include="src\ModelGeneration\BasicGenerators\HollowCylinderGenerator.h">
      <Filter>Sources\ModelGeneration\BasicGenerators</Filter>
    </ClInclude>
    <ClInclude Include="src\ModelGeneration\BasicGenerators\ModelGenerator.h">
      <Filter>Sources\ModelGeneration\BasicGenerators</Filter>
    </ClInclude>
    <ClInclude Include="src\ModelGeneration\BasicGenerators\SmoothShapeGenerator.h">
      <Filter>Sources\ModelGeneration\BasicGenerators</Filter>
    </ClInclude>
    <ClInclude Include="src\ModelGeneration\BasicGenerators\PrimitiveGenerator.h">
      <Filter>Sources\ModelGeneration\BasicGenerators</Filter>
    </ClInclude>
    <ClInclude Include="src\ModelGeneration\WellGeneration\WoodenStandGenerator.h">
      <Filter>Sources\ModelGeneration\WellGeneration</Filter>
    </ClInclude>
    <ClInclude Include="src\Startup\Well.h">
      <Filter>Sources\Startup</Filter>
    </ClInclude>
    <ClInclude Include="src\Startup\Environment.h">
      <Filter>Sources\Startup</Filter>
    </ClInclude>
    <ClInclude Include="src\ModelGeneration\WellGeneration\WellBaseGenerator.h">
      <Filter>Sources\ModelGeneration\WellGeneration</Filter>
    </ClInclude>
    <ClInclude Include="src\Graphics\IndexGroup.h">
      <Filter>Sources\Graphics</Filter>
    </ClInclude>
    <ClInclude Include="src\ModelGeneration\BasicGenerators\ClosedCylinderGenerator.h">
      <Filter>Sources\ModelGeneration\BasicGenerators</Filter>
    </ClInclude>
    <ClInclude Include="src\ModelGeneration\WellGeneration\SpinningWheelGenerator.h">
      <Filter>Sources\ModelGeneration\WellGeneration</Filter>
    </ClInclude>
    <ClInclude Include="src\Model\WheelModel.h">
      <Filter>Sources\Model</Filter>
    </ClInclude>
    <ClInclude Include="src\Graphics\Texture.h">
      <Filter>Sources\Graphics</Filter>
    </ClInclude>
    <ClInclude Include="src\Model\RoofModel.h">
      <Filter>Sources\Model</Filter>
    </ClInclude>
    <ClInclude Include="src\Controler\ActionListener.h">
      <Filter>Sources\Controler</Filter>
    </ClInclude>
    <ClInclude Include="src\Controler\MouseListener.h">
      <Filter>Sources\Controler</Filter>
    </ClInclude>
    <ClInclude Include="src\Controler\KeyboardListener.h">
      <Filter>Sources\Controler</Filter>
    </ClInclude>
    <ClInclude Include="src\Controler\WheelControler.h">
      <Filter>Sources\Controler</Filter>
    </ClInclude>
    <ClInclude Include="src\System\Stopwatch.h">
      <Filter>Sources\System</Filter>
    </ClInclude>
  </ItemGroup>
  <ItemGroup>
    <Image Include="weiti.png">
      <Filter>Assets\Textures</Filter>
    </Image>
    <Image Include="iipw.png">
      <Filter>Assets\Textures</Filter>
    </Image>
    <Image Include="src\View\texture.DDS">
      <Filter>Assets\Textures</Filter>
    </Image>
    <Image Include="src\View\abc.DDS">
      <Filter>Assets\Textures</Filter>
    </Image>
  </ItemGroup>
  <ItemGroup>
    <None Include="assets\shaders\gl_05.frag">
      <Filter>Assets\Shaders</Filter>
    </None>
    <None Include="assets\shaders\gl_05.vert">
      <Filter>Assets\Shaders</Filter>
    </None>
  </ItemGroup>
</Project>